
Microsoft Visual Studio Solution File, Format Version 12.00
# Visual Studio 15
VisualStudioVersion = 15.0.27130.2010
MinimumVisualStudioVersion = 10.0.40219.1
Project("{FAE04EC0-301F-11D3-BF4B-00C04F79EFBC}") = "QuanLyKhachSan", "QuanLyKhachSan\QuanLyKhachSan.csproj", "{278F9298-5378-4507-9763-6CAA306B9530}"
EndProject
Global
	GlobalSection(SolutionConfigurationPlatforms) = preSolution
		Debug|Any CPU = Debug|Any CPU
		Release|Any CPU = Release|Any CPU
	EndGlobalSection
	GlobalSection(ProjectConfigurationPlatforms) = postSolution
		{278F9298-5378-4507-9763-6CAA306B9530}.Debug|Any CPU.ActiveCfg = Debug|Any CPU
		{278F9298-5378-4507-9763-6CAA306B9530}.Debug|Any CPU.Build.0 = Debug|Any CPU
		{278F9298-5378-4507-9763-6CAA306B9530}.Release|Any CPU.ActiveCfg = Release|Any CPU
		{278F9298-5378-4507-9763-6CAA306B9530}.Release|Any CPU.Build.0 = Release|Any CPU
	EndGlobalSection
	GlobalSection(SolutionProperties) = preSolution
		HideSolutionNode = FALSE
	EndGlobalSection
	GlobalSection(ExtensibilityGlobals) = postSolution
		SolutionGuid = {04A8019D-6910-4E23-A16D-F91AB8F27CB8}
	EndGlobalSection
EndGlobal
